
Microsoft Visual Studio Solution File, Format Version 12.00
# Visual Studio Version 16
VisualStudioVersion = 16.0.31005.135
MinimumVisualStudioVersion = 10.0.40219.1
Project("{FAE04EC0-301F-11D3-BF4B-00C04F79EFBC}") = "CMOk-1v", "CMOk-1v.csproj", "{B45EFD5A-B181-4D6D-AE01-2DC7D09EE9E0}"
EndProject
Global
	GlobalSection(SolutionConfigurationPlatforms) = preSolution
		Debug|Any CPU = Debug|Any CPU
		Release|Any CPU = Release|Any CPU
	EndGlobalSection
	GlobalSection(ProjectConfigurationPlatforms) = postSolution
		{B45EFD5A-B181-4D6D-AE01-2DC7D09EE9E0}.Debug|Any CPU.ActiveCfg = Debug|Any CPU
		{B45EFD5A-B181-4D6D-AE01-2DC7D09EE9E0}.Debug|Any CPU.Build.0 = Debug|Any CPU
		{B45EFD5A-B181-4D6D-AE01-2DC7D09EE9E0}.Release|Any CPU.ActiveCfg = Release|Any CPU
		{B45EFD5A-B181-4D6D-AE01-2DC7D09EE9E0}.Release|Any CPU.Build.0 = Release|Any CPU
	EndGlobalSection
	GlobalSection(SolutionProperties) = preSolution
		HideSolutionNode = FALSE
	EndGlobalSection
	GlobalSection(ExtensibilityGlobals) = postSolution
		SolutionGuid = {132EC594-CE31-46EB-9BD4-0094AAD6E445}
	EndGlobalSection
EndGlobal
